PODS:
  - Alamofire (4.8.2)
  - AlamofireObjectMapper (5.2.1):
    - Alamofire (~> 4.7)
    - ObjectMapper (~> 3.4)
  - CLWeeklyCalendarView (0.0.3)
  - CountryPickerView (3.1.3)
  - CreditCardForm (0.2.0)
  - DynamicBlurView (4.1.0)
  - GoogleMaps (4.0.0):
    - GoogleMaps/Maps (= 4.0.0)
  - GoogleMaps/Base (4.0.0)
  - GoogleMaps/Maps (4.0.0):
    - GoogleMaps/Base
  - GooglePlaces (4.0.0):
    - GoogleMaps/Base (= 4.0.0)
  - IQKeyboardManagerSwift (6.5.6)
  - KWDrawerController (4.2):
    - KWDrawerController/Core (= 4.2)
  - KWDrawerController/Core (4.2)
  - lottie-ios (3.1.9)
  - ObjectMapper (3.5.3)
  - PINCache (3.0.3):
    - PINCache/Arc-exception-safe (= 3.0.3)
    - PINCache/Core (= 3.0.3)
  - PINCache/Arc-exception-safe (3.0.3):
    - PINCache/Core
  - PINCache/Core (3.0.3):
    - PINOperation (~> 1.2.1)
  - PINOperation (1.2.1)
  - PINRemoteImage (3.0.3):
    - PINRemoteImage/PINCache (= 3.0.3)
  - PINRemoteImage/Core (3.0.3):
    - PINOperation
  - PINRemoteImage/PINCache (3.0.3):
    - PINCache (~> 3.0.3)
    - PINRemoteImage/Core
  - PopupDialog (1.1.1):
    - DynamicBlurView (~> 4.0)
  - PubNub (4.15.8):
    - PubNub/Core (= 4.15.8)
  - PubNub/Core (4.15.8)
  - SDWebImage (5.10.0):
    - SDWebImage/Core (= 5.10.0)
  - SDWebImage/Core (5.10.0)
  - SKCountryPicker (1.2.9)
  - Stripe (20.1.1)
  - TwilioVideo (2.12.0)
  - TwilioVoice (5.5.1)

DEPENDENCIES:
  - Alamofire (= 4.8.2)
  - AlamofireObjectMapper
  - CLWeeklyCalendarView
  - CountryPickerView
  - CreditCardForm
  - GoogleMaps
  - GooglePlaces
  - IQKeyboardManagerSwift
  - KWDrawerController
  - lottie-ios
  - PINRemoteImage
  - PopupDialog
  - PubNub
  - SDWebImage
  - SKCountryPicker
  - Stripe (~> 20.1.1)
  - TwilioVideo (~> 2.10)
  - TwilioVoice (~> 5.5.0)

SPEC REPOS:
  trunk:
    - Alamofire
    - AlamofireObjectMapper
    - CLWeeklyCalendarView
    - CountryPickerView
    - CreditCardForm
    - DynamicBlurView
    - GoogleMaps
    - GooglePlaces
    - IQKeyboardManagerSwift
    - KWDrawerController
    - lottie-ios
    - ObjectMapper
    - PINCache
    - PINOperation
    - PINRemoteImage
    - PopupDialog
    - PubNub
    - SDWebImage
    - SKCountryPicker
    - Stripe
    - TwilioVideo
    - TwilioVoice

SPEC CHECKSUMS:
  Alamofire: ae5c501addb7afdbb13687d7f2f722c78734c2d3
  AlamofireObjectMapper: 1989f690e982b71921b9253f53a4f33a9bc00d88
  CLWeeklyCalendarView: 74d8511e58b40cb9571afc51b90217e32b51f891
  CountryPickerView: 383c09949f7455de9892db7ce3400b10da090150
  CreditCardForm: bba4aad545236f97f2dc45ea3bed0cb57d5e0e99
  DynamicBlurView: 58e18fae80bb614e34681a4486870e7d257b62e8
  GoogleMaps: b7f7fc569a9b354a3af0d9729dbec40957b7d41e
  GooglePlaces: ca8d4aba09ba79e0a829cf1dca03a41de6a09016
  IQKeyboardManagerSwift: c7df9d2deb356c04522f5c4b7b6e4ce4d8ed94fe
  KWDrawerController: 244ecb42378bd13a56826458647b76758db5cb67
  lottie-ios: 3a3758ef5a008e762faec9c9d50a39842f26d124
  ObjectMapper: 97111c97e054a6ee25917662106689f0b4127b37
  PINCache: 7a8fc1a691173d21dbddbf86cd515de6efa55086
  PINOperation: 00c935935f1e8cf0d1e2d6b542e75b88fc3e5e20
  PINRemoteImage: f1295b29f8c5e640e25335a1b2bd9d805171bd01
  PopupDialog: 720c92befd8bc23c13442254945213db5612f149
  PubNub: 4567e4ce42021aa772a7f038acd8db4576592485
  SDWebImage: 9169792e9eec3e45bba2a0c02f74bf8bd922d1ee
  SKCountryPicker: 7ad1e7dfb482cfb26855e33c2d70dbf1eaf218fe
  Stripe: 2cb10595133247a96ece092eb0614786c604382f
  TwilioVideo: 057061e4302e4b2862b0ac6cf69a3321e7c29b19
  TwilioVoice: c440f2c964d3b0eba946c30c9f1018d8e5d82af9

PODFILE CHECKSUM: d39a72b7e6af34f6953747598fbbb71de56cd264

COCOAPODS: 1.10.0
